<Solution>
  <Folder Name="/Solution Items/">
    <File Path=".github/workflows/ci.yml" />
    <File Path="Directory.Build.props" />
    <File Path="README.md" />
  </Folder>
  <Folder Name="/Solution Items/Docs/">
    <File Path="architecture.md" />
  </Folder>
  <Project Path="CDS.CSharpScript2.RTFEditor/CDS.CSharpScript2.RTFEditor.csproj" />
  <Project Path="CDS.CSharpScript2.ScintillaEditor/CDS.CSharpScript2.ScintillaEditor.csproj" />
  <Project Path="CDS.CSharpScript2/CDS.CSharpScript2.csproj" />
  <Project Path="ConsoleTest/ConsoleTest.csproj" />
  <Project Path="TestUtils/TestUtils.csproj" />
  <Project Path="UnitTests/UnitTests.csproj" />
  <Project Path="CDS.CSharpScript2.WinForms.Sample/CDS.CSharpScript2.WinForms.Sample.csproj" />
  <Project Path="UITests/UITests.csproj" />
</Solution>
