
Microsoft Visual Studio Solution File, Format Version 12.00
# Visual Studio Version 18
VisualStudioVersion = 18.5.11723.231
MinimumVisualStudioVersion = 10.0.40219.1
Project("{2150E333-8FDC-42A3-9474-1A3956D46DE8}") = "Solution Items", "Solution Items", "{0FBF656C-4F85-4021-B3E6-E8BF9BB88211}"
	ProjectSection(SolutionItems) = preProject
		build.cake = build.cake
		.github\workflows\ci.yml = .github\workflows\ci.yml
		README.md = README.md
	EndProjectSection
EndProject
Project("{9A19103F-16F7-4668-BE54-9A1E7A4F7556}") = "UnitTests", "UnitTests\UnitTests.csproj", "{D5DC8098-E3C8-4E16-8314-FC689A7FBEF6}"
EndProject
Project("{9A19103F-16F7-4668-BE54-9A1E7A4F7556}") = "ConsoleTest", "ConsoleTest\ConsoleTest.csproj", "{0A5EDE44-94C9-403D-8A6B-E6AF0D0960B6}"
EndProject
Project("{FAE04EC0-301F-11D3-BF4B-00C04F79EFBC}") = "WinFormsTest", "WinFormsTest\WinFormsTest.csproj", "{E9465659-0CB1-4E71-8E77-AA2DAA87DDE5}"
EndProject
Project("{FAE04EC0-301F-11D3-BF4B-00C04F79EFBC}") = "TempConsoleApp", "TempConsoleApp\TempConsoleApp.csproj", "{A61FD989-7987-4271-962E-63ADDA663804}"
EndProject
Project("{FAE04EC0-301F-11D3-BF4B-00C04F79EFBC}") = "CDS.CSharpScript2.ScintillaEditor", "CDS.CSharpScript2.ScintillaEditor\CDS.CSharpScript2.ScintillaEditor.csproj", "{5E3C6DC7-859E-4EA2-B1CA-CE995306981D}"
EndProject
Project("{FAE04EC0-301F-11D3-BF4B-00C04F79EFBC}") = "CDS.CSharpScript2.RTFEditor", "CDS.CSharpScript2.RTFEditor\CDS.CSharpScript2.RTFEditor.csproj", "{41A33DFD-3DBA-45C6-BAF3-119D04D4893C}"
EndProject
Project("{2150E333-8FDC-42A3-9474-1A3956D46DE8}") = "Docs", "Docs", "{26818507-81F8-4BE2-9CDD-1B5FB82EAE7B}"
	ProjectSection(SolutionItems) = preProject
		architecture.md = architecture.md
	EndProjectSection
EndProject
Project("{FAE04EC0-301F-11D3-BF4B-00C04F79EFBC}") = "CDS.CSharpScript2", "CDS.CSharpScript2\CDS.CSharpScript2.csproj", "{070CF3E7-8273-43B2-BD60-BE5397631DA3}"
EndProject
Project("{FAE04EC0-301F-11D3-BF4B-00C04F79EFBC}") = "TestUtils", "TestUtils\TestUtils.csproj", "{B74C8A36-EDC4-41F6-B0C7-14BF4B8EB7F8}"
EndProject
Global
	GlobalSection(SolutionConfigurationPlatforms) = preSolution
		Debug|Any CPU = Debug|Any CPU
		Debug|ARM64 = Debug|ARM64
		Debug|x64 = Debug|x64
		Release|Any CPU = Release|Any CPU
		Release|ARM64 = Release|ARM64
		Release|x64 = Release|x64
	EndGlobalSection
	GlobalSection(ProjectConfigurationPlatforms) = postSolution
		{D5DC8098-E3C8-4E16-8314-FC689A7FBEF6}.Debug|Any CPU.ActiveCfg = Debug|Any CPU
		{D5DC8098-E3C8-4E16-8314-FC689A7FBEF6}.Debug|Any CPU.Build.0 = Debug|Any CPU
		{D5DC8098-E3C8-4E16-8314-FC689A7FBEF6}.Debug|ARM64.ActiveCfg = Debug|ARM64
		{D5DC8098-E3C8-4E16-8314-FC689A7FBEF6}.Debug|ARM64.Build.0 = Debug|ARM64
		{D5DC8098-E3C8-4E16-8314-FC689A7FBEF6}.Debug|x64.ActiveCfg = Debug|x64
		{D5DC8098-E3C8-4E16-8314-FC689A7FBEF6}.Debug|x64.Build.0 = Debug|x64
		{D5DC8098-E3C8-4E16-8314-FC689A7FBEF6}.Release|Any CPU.ActiveCfg = Release|Any CPU
		{D5DC8098-E3C8-4E16-8314-FC689A7FBEF6}.Release|Any CPU.Build.0 = Release|Any CPU
		{D5DC8098-E3C8-4E16-8314-FC689A7FBEF6}.Release|ARM64.ActiveCfg = Release|ARM64
		{D5DC8098-E3C8-4E16-8314-FC689A7FBEF6}.Release|ARM64.Build.0 = Release|ARM64
		{D5DC8098-E3C8-4E16-8314-FC689A7FBEF6}.Release|x64.ActiveCfg = Release|x64
		{D5DC8098-E3C8-4E16-8314-FC689A7FBEF6}.Release|x64.Build.0 = Release|x64
		{0A5EDE44-94C9-403D-8A6B-E6AF0D0960B6}.Debug|Any CPU.ActiveCfg = Debug|Any CPU
		{0A5EDE44-94C9-403D-8A6B-E6AF0D0960B6}.Debug|Any CPU.Build.0 = Debug|Any CPU
		{0A5EDE44-94C9-403D-8A6B-E6AF0D0960B6}.Debug|ARM64.ActiveCfg = Debug|ARM64
		{0A5EDE44-94C9-403D-8A6B-E6AF0D0960B6}.Debug|ARM64.Build.0 = Debug|ARM64
		{0A5EDE44-94C9-403D-8A6B-E6AF0D0960B6}.Debug|x64.ActiveCfg = Debug|x64
		{0A5EDE44-94C9-403D-8A6B-E6AF0D0960B6}.Debug|x64.Build.0 = Debug|x64
		{0A5EDE44-94C9-403D-8A6B-E6AF0D0960B6}.Release|Any CPU.ActiveCfg = Release|Any CPU
		{0A5EDE44-94C9-403D-8A6B-E6AF0D0960B6}.Release|Any CPU.Build.0 = Release|Any CPU
		{0A5EDE44-94C9-403D-8A6B-E6AF0D0960B6}.Release|ARM64.ActiveCfg = Release|ARM64
		{0A5EDE44-94C9-403D-8A6B-E6AF0D0960B6}.Release|ARM64.Build.0 = Release|ARM64
		{0A5EDE44-94C9-403D-8A6B-E6AF0D0960B6}.Release|x64.ActiveCfg = Release|x64
		{0A5EDE44-94C9-403D-8A6B-E6AF0D0960B6}.Release|x64.Build.0 = Release|x64
		{E9465659-0CB1-4E71-8E77-AA2DAA87DDE5}.Debug|Any CPU.ActiveCfg = Debug|Any CPU
		{E9465659-0CB1-4E71-8E77-AA2DAA87DDE5}.Debug|Any CPU.Build.0 = Debug|Any CPU
		{E9465659-0CB1-4E71-8E77-AA2DAA87DDE5}.Debug|ARM64.ActiveCfg = Debug|ARM64
		{E9465659-0CB1-4E71-8E77-AA2DAA87DDE5}.Debug|ARM64.Build.0 = Debug|ARM64
		{E9465659-0CB1-4E71-8E77-AA2DAA87DDE5}.Debug|x64.ActiveCfg = Debug|x64
		{E9465659-0CB1-4E71-8E77-AA2DAA87DDE5}.Debug|x64.Build.0 = Debug|x64
		{E9465659-0CB1-4E71-8E77-AA2DAA87DDE5}.Release|Any CPU.ActiveCfg = Release|Any CPU
		{E9465659-0CB1-4E71-8E77-AA2DAA87DDE5}.Release|Any CPU.Build.0 = Release|Any CPU
		{E9465659-0CB1-4E71-8E77-AA2DAA87DDE5}.Release|ARM64.ActiveCfg = Release|ARM64
		{E9465659-0CB1-4E71-8E77-AA2DAA87DDE5}.Release|ARM64.Build.0 = Release|ARM64
		{E9465659-0CB1-4E71-8E77-AA2DAA87DDE5}.Release|x64.ActiveCfg = Release|Any CPU
		{E9465659-0CB1-4E71-8E77-AA2DAA87DDE5}.Release|x64.Build.0 = Release|Any CPU
		{A61FD989-7987-4271-962E-63ADDA663804}.Debug|Any CPU.ActiveCfg = Debug|Any CPU
		{A61FD989-7987-4271-962E-63ADDA663804}.Debug|Any CPU.Build.0 = Debug|Any CPU
		{A61FD989-7987-4271-962E-63ADDA663804}.Debug|ARM64.ActiveCfg = Debug|Any CPU
		{A61FD989-7987-4271-962E-63ADDA663804}.Debug|ARM64.Build.0 = Debug|Any CPU
		{A61FD989-7987-4271-962E-63ADDA663804}.Debug|x64.ActiveCfg = Debug|Any CPU
		{A61FD989-7987-4271-962E-63ADDA663804}.Debug|x64.Build.0 = Debug|Any CPU
		{A61FD989-7987-4271-962E-63ADDA663804}.Release|Any CPU.ActiveCfg = Release|Any CPU
		{A61FD989-7987-4271-962E-63ADDA663804}.Release|Any CPU.Build.0 = Release|Any CPU
		{A61FD989-7987-4271-962E-63ADDA663804}.Release|ARM64.ActiveCfg = Release|Any CPU
		{A61FD989-7987-4271-962E-63ADDA663804}.Release|ARM64.Build.0 = Release|Any CPU
		{A61FD989-7987-4271-962E-63ADDA663804}.Release|x64.ActiveCfg = Release|Any CPU
		{A61FD989-7987-4271-962E-63ADDA663804}.Release|x64.Build.0 = Release|Any CPU
		{5E3C6DC7-859E-4EA2-B1CA-CE995306981D}.Debug|Any CPU.ActiveCfg = Debug|Any CPU
		{5E3C6DC7-859E-4EA2-B1CA-CE995306981D}.Debug|Any CPU.Build.0 = Debug|Any CPU
		{5E3C6DC7-859E-4EA2-B1CA-CE995306981D}.Debug|ARM64.ActiveCfg = Debug|Any CPU
		{5E3C6DC7-859E-4EA2-B1CA-CE995306981D}.Debug|ARM64.Build.0 = Debug|Any CPU
		{5E3C6DC7-859E-4EA2-B1CA-CE995306981D}.Debug|x64.ActiveCfg = Debug|x64
		{5E3C6DC7-859E-4EA2-B1CA-CE995306981D}.Debug|x64.Build.0 = Debug|x64
		{5E3C6DC7-859E-4EA2-B1CA-CE995306981D}.Release|Any CPU.ActiveCfg = Release|Any CPU
		{5E3C6DC7-859E-4EA2-B1CA-CE995306981D}.Release|Any CPU.Build.0 = Release|Any CPU
		{5E3C6DC7-859E-4EA2-B1CA-CE995306981D}.Release|ARM64.ActiveCfg = Release|Any CPU
		{5E3C6DC7-859E-4EA2-B1CA-CE995306981D}.Release|ARM64.Build.0 = Release|Any CPU
		{5E3C6DC7-859E-4EA2-B1CA-CE995306981D}.Release|x64.ActiveCfg = Release|Any CPU
		{5E3C6DC7-859E-4EA2-B1CA-CE995306981D}.Release|x64.Build.0 = Release|Any CPU
		{41A33DFD-3DBA-45C6-BAF3-119D04D4893C}.Debug|Any CPU.ActiveCfg = Debug|Any CPU
		{41A33DFD-3DBA-45C6-BAF3-119D04D4893C}.Debug|Any CPU.Build.0 = Debug|Any CPU
		{41A33DFD-3DBA-45C6-BAF3-119D04D4893C}.Debug|ARM64.ActiveCfg = Debug|Any CPU
		{41A33DFD-3DBA-45C6-BAF3-119D04D4893C}.Debug|ARM64.Build.0 = Debug|Any CPU
		{41A33DFD-3DBA-45C6-BAF3-119D04D4893C}.Debug|x64.ActiveCfg = Debug|x64
		{41A33DFD-3DBA-45C6-BAF3-119D04D4893C}.Debug|x64.Build.0 = Debug|x64
		{41A33DFD-3DBA-45C6-BAF3-119D04D4893C}.Release|Any CPU.ActiveCfg = Release|Any CPU
		{41A33DFD-3DBA-45C6-BAF3-119D04D4893C}.Release|Any CPU.Build.0 = Release|Any CPU
		{41A33DFD-3DBA-45C6-BAF3-119D04D4893C}.Release|ARM64.ActiveCfg = Release|Any CPU
		{41A33DFD-3DBA-45C6-BAF3-119D04D4893C}.Release|ARM64.Build.0 = Release|Any CPU
		{41A33DFD-3DBA-45C6-BAF3-119D04D4893C}.Release|x64.ActiveCfg = Release|Any CPU
		{41A33DFD-3DBA-45C6-BAF3-119D04D4893C}.Release|x64.Build.0 = Release|Any CPU
		{070CF3E7-8273-43B2-BD60-BE5397631DA3}.Debug|Any CPU.ActiveCfg = Debug|Any CPU
		{070CF3E7-8273-43B2-BD60-BE5397631DA3}.Debug|Any CPU.Build.0 = Debug|Any CPU
		{070CF3E7-8273-43B2-BD60-BE5397631DA3}.Debug|ARM64.ActiveCfg = Debug|Any CPU
		{070CF3E7-8273-43B2-BD60-BE5397631DA3}.Debug|ARM64.Build.0 = Debug|Any CPU
		{070CF3E7-8273-43B2-BD60-BE5397631DA3}.Debug|x64.ActiveCfg = Debug|Any CPU
		{070CF3E7-8273-43B2-BD60-BE5397631DA3}.Debug|x64.Build.0 = Debug|Any CPU
		{070CF3E7-8273-43B2-BD60-BE5397631DA3}.Release|Any CPU.ActiveCfg = Release|Any CPU
		{070CF3E7-8273-43B2-BD60-BE5397631DA3}.Release|Any CPU.Build.0 = Release|Any CPU
		{070CF3E7-8273-43B2-BD60-BE5397631DA3}.Release|ARM64.ActiveCfg = Release|Any CPU
		{070CF3E7-8273-43B2-BD60-BE5397631DA3}.Release|ARM64.Build.0 = Release|Any CPU
		{070CF3E7-8273-43B2-BD60-BE5397631DA3}.Release|x64.ActiveCfg = Release|Any CPU
		{070CF3E7-8273-43B2-BD60-BE5397631DA3}.Release|x64.Build.0 = Release|Any CPU
		{B74C8A36-EDC4-41F6-B0C7-14BF4B8EB7F8}.Debug|Any CPU.ActiveCfg = Debug|Any CPU
		{B74C8A36-EDC4-41F6-B0C7-14BF4B8EB7F8}.Debug|Any CPU.Build.0 = Debug|Any CPU
		{B74C8A36-EDC4-41F6-B0C7-14BF4B8EB7F8}.Debug|ARM64.ActiveCfg = Debug|Any CPU
		{B74C8A36-EDC4-41F6-B0C7-14BF4B8EB7F8}.Debug|ARM64.Build.0 = Debug|Any CPU
		{B74C8A36-EDC4-41F6-B0C7-14BF4B8EB7F8}.Debug|x64.ActiveCfg = Debug|Any CPU
		{B74C8A36-EDC4-41F6-B0C7-14BF4B8EB7F8}.Debug|x64.Build.0 = Debug|Any CPU
		{B74C8A36-EDC4-41F6-B0C7-14BF4B8EB7F8}.Release|Any CPU.ActiveCfg = Release|Any CPU
		{B74C8A36-EDC4-41F6-B0C7-14BF4B8EB7F8}.Release|Any CPU.Build.0 = Release|Any CPU
		{B74C8A36-EDC4-41F6-B0C7-14BF4B8EB7F8}.Release|ARM64.ActiveCfg = Release|Any CPU
		{B74C8A36-EDC4-41F6-B0C7-14BF4B8EB7F8}.Release|ARM64.Build.0 = Release|Any CPU
		{B74C8A36-EDC4-41F6-B0C7-14BF4B8EB7F8}.Release|x64.ActiveCfg = Release|Any CPU
		{B74C8A36-EDC4-41F6-B0C7-14BF4B8EB7F8}.Release|x64.Build.0 = Release|Any CPU
	EndGlobalSection
	GlobalSection(SolutionProperties) = preSolution
		HideSolutionNode = FALSE
	EndGlobalSection
	GlobalSection(NestedProjects) = preSolution
		{26818507-81F8-4BE2-9CDD-1B5FB82EAE7B} = {0FBF656C-4F85-4021-B3E6-E8BF9BB88211}
	EndGlobalSection
	GlobalSection(ExtensibilityGlobals) = postSolution
		SolutionGuid = {2028B5B2-9F97-49B9-8501-46FA166D0CD6}
	EndGlobalSection
EndGlobal
